<?xml version="1.0" encoding="utf-8"?>
<Project ToolsVersion="4.0" xmlns="http://schemas.microsoft.com/developer/msbuild/2003">
  <ItemGroup>
    <ClCompile Include="main.cpp" />
    <ClCompile Include="tigl.cpp">
      <Filter>libraries</Filter>
    </ClCompile>
    <ClCompile Include="gameComponent.cpp">
      <Filter>graphics\components\interfaces</Filter>
    </ClCompile>
    <ClCompile Include="textureComponent.cpp">
      <Filter>graphics\components\interfaces</Filter>
    </ClCompile>
    <ClCompile Include="floorComponent.cpp">
      <Filter>graphics\components\implementations</Filter>
    </ClCompile>
    <ClCompile Include="objectComponent.cpp">
      <Filter>graphics\components\implementations</Filter>
    </ClCompile>
    <ClCompile Include="playerComponent.cpp">
      <Filter>graphics\components\implementations</Filter>
    </ClCompile>
    <ClCompile Include="drawComponent.cpp">
      <Filter>graphics\components\interfaces</Filter>
    </ClCompile>
    <ClCompile Include="gameObject.cpp">
      <Filter>graphics\logic</Filter>
    </ClCompile>
    <ClCompile Include="fpsCamera.cpp">
      <Filter>graphics\logic</Filter>
    </ClCompile>
    <ClCompile Include="gameTile.cpp">
      <Filter>graphics\logic</Filter>
    </ClCompile>
    <ClCompile Include="tileBuilder.cpp">
      <Filter>geography</Filter>
    </ClCompile>
    <ClCompile Include="gameScene.cpp">
      <Filter>graphics\logic</Filter>
    </ClCompile>
    <ClCompile Include="tileCollector.cpp">
      <Filter>geography</Filter>
    </ClCompile>
    <ClCompile Include="triangulate.cpp">
      <Filter>libraries</Filter>
    </ClCompile>
  </ItemGroup>
  <ItemGroup>
    <Filter Include="libraries">
      <UniqueIdentifier>{1ec98e5e-462c-43b0-9e28-778e40a3d8e1}</UniqueIdentifier>
    </Filter>
    <Filter Include="graphics">
      <UniqueIdentifier>{f4bf4469-0af6-420a-8ee5-be39bcc357c3}</UniqueIdentifier>
    </Filter>
    <Filter Include="graphics\components">
      <UniqueIdentifier>{cfe838d2-d9f9-4284-b868-2f4790cf6559}</UniqueIdentifier>
    </Filter>
    <Filter Include="graphics\logic">
      <UniqueIdentifier>{136d6c97-fdc8-4b97-ab80-e24829d18ac4}</UniqueIdentifier>
    </Filter>
    <Filter Include="graphics\components\interfaces">
      <UniqueIdentifier>{285e693f-1534-4a55-8474-a52d27a66498}</UniqueIdentifier>
    </Filter>
    <Filter Include="graphics\components\implementations">
      <UniqueIdentifier>{95b132ad-8b7d-45e8-a9bb-e1e19d18fef7}</UniqueIdentifier>
    </Filter>
    <Filter Include="geography">
      <UniqueIdentifier>{70027bb1-1fa4-47eb-b212-e48e60ecf0c6}</UniqueIdentifier>
    </Filter>
  </ItemGroup>
  <ItemGroup>
    <ClInclude Include="tigl.h">
      <Filter>libraries</Filter>
    </ClInclude>
    <ClInclude Include="stb_image.h">
      <Filter>libraries</Filter>
    </ClInclude>
    <ClInclude Include="gameComponent.h">
      <Filter>graphics\components\interfaces</Filter>
    </ClInclude>
    <ClInclude Include="textureComponent.h">
      <Filter>graphics\components\interfaces</Filter>
    </ClInclude>
    <ClInclude Include="floorComponent.h">
      <Filter>graphics\components\implementations</Filter>
    </ClInclude>
    <ClInclude Include="objectComponent.h">
      <Filter>graphics\components\implementations</Filter>
    </ClInclude>
    <ClInclude Include="playerComponent.h">
      <Filter>graphics\components\implementations</Filter>
    </ClInclude>
    <ClInclude Include="drawComponent.h">
      <Filter>graphics\components\interfaces</Filter>
    </ClInclude>
    <ClInclude Include="gameObject.h">
      <Filter>graphics\logic</Filter>
    </ClInclude>
    <ClInclude Include="fpsCamera.h">
      <Filter>graphics\logic</Filter>
    </ClInclude>
    <ClInclude Include="gameTile.h">
      <Filter>graphics\logic</Filter>
    </ClInclude>
    <ClInclude Include="gameScene.h">
      <Filter>graphics\logic</Filter>
    </ClInclude>
    <ClInclude Include="tileBuilder.h">
      <Filter>geography</Filter>
    </ClInclude>
    <ClInclude Include="tileCollector.h">
      <Filter>geography</Filter>
    </ClInclude>
    <ClInclude Include="triangulate.h">
      <Filter>libraries</Filter>
    </ClInclude>
  </ItemGroup>
  <ItemGroup>
    <None Include="packages.config" />
  </ItemGroup>
</Project>